
Microsoft Visual Studio Solution File, Format Version 12.00
# Visual Studio Version 17
VisualStudioVersion = 17.7.34009.444
MinimumVisualStudioVersion = 10.0.40219.1
Project("{FAE04EC0-301F-11D3-BF4B-00C04F79EFBC}") = "Map", "Map\Map.csproj", "{7D4BEECD-60A2-47DA-B5CF-B8A67B05AC28}"
EndProject
Global
	GlobalSection(SolutionConfigurationPlatforms) = preSolution
		Debug|Any CPU = Debug|Any CPU
		Release|Any CPU = Release|Any CPU
	EndGlobalSection
	GlobalSection(ProjectConfigurationPlatforms) = postSolution
		{7D4BEECD-60A2-47DA-B5CF-B8A67B05AC28}.Debug|Any CPU.ActiveCfg = Debug|Any CPU
		{7D4BEECD-60A2-47DA-B5CF-B8A67B05AC28}.Debug|Any CPU.Build.0 = Debug|Any CPU
		{7D4BEECD-60A2-47DA-B5CF-B8A67B05AC28}.Release|Any CPU.ActiveCfg = Release|Any CPU
		{7D4BEECD-60A2-47DA-B5CF-B8A67B05AC28}.Release|Any CPU.Build.0 = Release|Any CPU
	EndGlobalSection
	GlobalSection(SolutionProperties) = preSolution
		HideSolutionNode = FALSE
	EndGlobalSection
	GlobalSection(ExtensibilityGlobals) = postSolution
		SolutionGuid = {9A321D11-ACCF-41D6-874B-59EF5D42E1CE}
	EndGlobalSection
EndGlobal
